
Microsoft Visual Studio Solution File, Format Version 11.00
# Visual Studio 2010
Project("{FAE04EC0-301F-11D3-BF4B-00C04F79EFBC}") = "IMC", "IMC\IMC.csproj", "{B192DA00-D176-4EEB-8E8B-0F63A154015C}"
EndProject
Global
	GlobalSection(SolutionConfigurationPlatforms) = preSolution
		Debug|x86 = Debug|x86
		Release|x86 = Release|x86
	EndGlobalSection
	GlobalSection(ProjectConfigurationPlatforms) = postSolution
		{B192DA00-D176-4EEB-8E8B-0F63A154015C}.Debug|x86.ActiveCfg = Debug|x86
		{B192DA00-D176-4EEB-8E8B-0F63A154015C}.Debug|x86.Build.0 = Debug|x86
		{B192DA00-D176-4EEB-8E8B-0F63A154015C}.Release|x86.ActiveCfg = Release|x86
		{B192DA00-D176-4EEB-8E8B-0F63A154015C}.Release|x86.Build.0 = Release|x86
	EndGlobalSection
	GlobalSection(SolutionProperties) = preSolution
		HideSolutionNode = FALSE
	EndGlobalSection
EndGlobal
